
Microsoft Visual Studio Solution File, Format Version 12.00
# Visual Studio 15
VisualStudioVersion = 15.0.27004.2008
MinimumVisualStudioVersion = 10.0.40219.1
Project("{FAE04EC0-301F-11D3-BF4B-00C04F79EFBC}") = "FoodApp.Api", "FoodApp.Api\FoodApp.Api.csproj", "{8D71D467-F1AA-4F6D-831A-6113AB8B053F}"
EndProject
Project("{FAE04EC0-301F-11D3-BF4B-00C04F79EFBC}") = "FoodApp.Domain", "FoodApp.Domain\FoodApp.Domain.csproj", "{F388CE58-BE74-4EE3-9610-0225AAC9D3EC}"
EndProject
Project("{FAE04EC0-301F-11D3-BF4B-00C04F79EFBC}") = "FoodApp.Users", "FoodApp.Users\FoodApp.Users.csproj", "{E47CC251-BE4C-4EF7-AE36-A0022D897A0C}"
EndProject
Project("{FAE04EC0-301F-11D3-BF4B-00C04F79EFBC}") = "FoodApp.Infrastructure", "FoodApp.Infrastructure\FoodApp.Infrastructure.csproj", "{D5CF258A-304E-4137-BF01-692B2BFC884A}"
EndProject
Global
	GlobalSection(SolutionConfigurationPlatforms) = preSolution
		Debug|Any CPU = Debug|Any CPU
		Release|Any CPU = Release|Any CPU
	EndGlobalSection
	GlobalSection(ProjectConfigurationPlatforms) = postSolution
		{8D71D467-F1AA-4F6D-831A-6113AB8B053F}.Debug|Any CPU.ActiveCfg = Debug|Any CPU
		{8D71D467-F1AA-4F6D-831A-6113AB8B053F}.Debug|Any CPU.Build.0 = Debug|Any CPU
		{8D71D467-F1AA-4F6D-831A-6113AB8B053F}.Release|Any CPU.ActiveCfg = Release|Any CPU
		{8D71D467-F1AA-4F6D-831A-6113AB8B053F}.Release|Any CPU.Build.0 = Release|Any CPU
		{F388CE58-BE74-4EE3-9610-0225AAC9D3EC}.Debug|Any CPU.ActiveCfg = Debug|Any CPU
		{F388CE58-BE74-4EE3-9610-0225AAC9D3EC}.Debug|Any CPU.Build.0 = Debug|Any CPU
		{F388CE58-BE74-4EE3-9610-0225AAC9D3EC}.Release|Any CPU.ActiveCfg = Release|Any CPU
		{F388CE58-BE74-4EE3-9610-0225AAC9D3EC}.Release|Any CPU.Build.0 = Release|Any CPU
		{E47CC251-BE4C-4EF7-AE36-A0022D897A0C}.Debug|Any CPU.ActiveCfg = Debug|Any CPU
		{E47CC251-BE4C-4EF7-AE36-A0022D897A0C}.Debug|Any CPU.Build.0 = Debug|Any CPU
		{E47CC251-BE4C-4EF7-AE36-A0022D897A0C}.Release|Any CPU.ActiveCfg = Release|Any CPU
		{E47CC251-BE4C-4EF7-AE36-A0022D897A0C}.Release|Any CPU.Build.0 = Release|Any CPU
		{D5CF258A-304E-4137-BF01-692B2BFC884A}.Debug|Any CPU.ActiveCfg = Debug|Any CPU
		{D5CF258A-304E-4137-BF01-692B2BFC884A}.Debug|Any CPU.Build.0 = Debug|Any CPU
		{D5CF258A-304E-4137-BF01-692B2BFC884A}.Release|Any CPU.ActiveCfg = Release|Any CPU
		{D5CF258A-304E-4137-BF01-692B2BFC884A}.Release|Any CPU.Build.0 = Release|Any CPU
	EndGlobalSection
	GlobalSection(SolutionProperties) = preSolution
		HideSolutionNode = FALSE
	EndGlobalSection
	GlobalSection(ExtensibilityGlobals) = postSolution
		SolutionGuid = {1AC05E01-7470-478E-88FB-66A135AE16F2}
	EndGlobalSection
EndGlobal
